
Microsoft Visual Studio Solution File, Format Version 11.00
# Visual Studio 2010
Project("{7CF6DF6D-3B04-46F8-A40B-537D21BCA0B4}") = "ConcurrencyKit.Documentation", "ConcurrencyKit.Documentation.shfbproj", "{87C7F8F0-55C6-4956-8A99-7E7BA9811F72}"
EndProject
Global
	GlobalSection(SolutionConfigurationPlatforms) = preSolution
		Debug|Any CPU = Debug|Any CPU
		Release|Any CPU = Release|Any CPU
	EndGlobalSection
	GlobalSection(ProjectConfigurationPlatforms) = postSolution
		{87C7F8F0-55C6-4956-8A99-7E7BA9811F72}.Debug|Any CPU.ActiveCfg = Debug|Any CPU
		{87C7F8F0-55C6-4956-8A99-7E7BA9811F72}.Debug|Any CPU.Build.0 = Debug|Any CPU
		{87C7F8F0-55C6-4956-8A99-7E7BA9811F72}.Release|Any CPU.ActiveCfg = Release|Any CPU
		{87C7F8F0-55C6-4956-8A99-7E7BA9811F72}.Release|Any CPU.Build.0 = Release|Any CPU
	EndGlobalSection
	GlobalSection(SolutionProperties) = preSolution
		HideSolutionNode = FALSE
	EndGlobalSection
EndGlobal
